
Microsoft Visual Studio Solution File, Format Version 12.00
# Visual Studio 15
VisualStudioVersion = 15.0.28307.421
MinimumVisualStudioVersion = 10.0.40219.1
Project("{FAE04EC0-301F-11D3-BF4B-00C04F79EFBC}") = "webAPI", "webAPI\webAPI.csproj", "{810F5D0A-A7B6-4D60-B6A9-8D91D02A126F}"
EndProject
Global
	GlobalSection(SolutionConfigurationPlatforms) = preSolution
		Debug|Any CPU = Debug|Any CPU
		Release|Any CPU = Release|Any CPU
	EndGlobalSection
	GlobalSection(ProjectConfigurationPlatforms) = postSolution
		{810F5D0A-A7B6-4D60-B6A9-8D91D02A126F}.Debug|Any CPU.ActiveCfg = Debug|Any CPU
		{810F5D0A-A7B6-4D60-B6A9-8D91D02A126F}.Debug|Any CPU.Build.0 = Debug|Any CPU
		{810F5D0A-A7B6-4D60-B6A9-8D91D02A126F}.Release|Any CPU.ActiveCfg = Release|Any CPU
		{810F5D0A-A7B6-4D60-B6A9-8D91D02A126F}.Release|Any CPU.Build.0 = Release|Any CPU
	EndGlobalSection
	GlobalSection(SolutionProperties) = preSolution
		HideSolutionNode = FALSE
	EndGlobalSection
	GlobalSection(ExtensibilityGlobals) = postSolution
		SolutionGuid = {EF5301FC-176A-4658-A8B9-311AA02C6725}
	EndGlobalSection
EndGlobal
